
Microsoft Visual Studio Solution File, Format Version 12.00
# Visual Studio Version 17
VisualStudioVersion = 17.10.35122.118
MinimumVisualStudioVersion = 10.0.40219.1
Project("{FAE04EC0-301F-11D3-BF4B-00C04F79EFBC}") = "RingBufferCash", "RingBufferCash\RingBufferCash.csproj", "{A89BB3A6-7BE4-4CC1-97F8-B19608E5C8C6}"
EndProject
Global
	GlobalSection(SolutionConfigurationPlatforms) = preSolution
		Debug|Any CPU = Debug|Any CPU
		Release|Any CPU = Release|Any CPU
	EndGlobalSection
	GlobalSection(ProjectConfigurationPlatforms) = postSolution
		{A89BB3A6-7BE4-4CC1-97F8-B19608E5C8C6}.Debug|Any CPU.ActiveCfg = Debug|Any CPU
		{A89BB3A6-7BE4-4CC1-97F8-B19608E5C8C6}.Debug|Any CPU.Build.0 = Debug|Any CPU
		{A89BB3A6-7BE4-4CC1-97F8-B19608E5C8C6}.Release|Any CPU.ActiveCfg = Release|Any CPU
		{A89BB3A6-7BE4-4CC1-97F8-B19608E5C8C6}.Release|Any CPU.Build.0 = Release|Any CPU
	EndGlobalSection
	GlobalSection(SolutionProperties) = preSolution
		HideSolutionNode = FALSE
	EndGlobalSection
	GlobalSection(ExtensibilityGlobals) = postSolution
		SolutionGuid = {C03E4996-CC76-4E59-8523-82E5BB424253}
	EndGlobalSection
EndGlobal
